// !$*UTF8*$!
{
	archiveVersion = 1;
	classes = {
	};
	objectVersion = 56;
	objects = {

/* Begin PBXBuildFile section */
		3E94702029C6422A00224EA5 /* iOS_CompanionApp.swift in Sources */ = {isa = PBXBuildFile; fileRef = 3E94701F29C6422A00224EA5 /* iOS_CompanionApp.swift */; };
		3E94702229C6422A00224EA5 /* ContentView.swift in Sources */ = {isa = PBXBuildFile; fileRef = 3E94702129C6422A00224EA5 /* ContentView.swift */; };
		3E94702429C6422C00224EA5 /* Assets.xcassets in Resources */ = {isa = PBXBuildFile; fileRef = 3E94702329C6422C00224EA5 /* Assets.xcassets */; };
		3E94702729C6422C00224EA5 /* Preview Assets.xcassets in Resources */ = {isa = PBXBuildFile; fileRef = 3E94702629C6422C00224EA5 /* Preview Assets.xcassets */; };
		3E94703229C6426700224EA5 /* macOS_CompanionApp.swift in Sources */ = {isa = PBXBuildFile; fileRef = 3E94703129C6426700224EA5 /* macOS_CompanionApp.swift */; };
		3E94703429C6426700224EA5 /* ContentView.swift in Sources */ = {isa = PBXBuildFile; fileRef = 3E94703329C6426700224EA5 /* ContentView.swift */; };
		3E94703629C6426A00224EA5 /* Assets.xcassets in Resources */ = {isa = PBXBuildFile; fileRef = 3E94703529C6426A00224EA5 /* Assets.xcassets */; };
		3E94703929C6426A00224EA5 /* Preview Assets.xcassets in Resources */ = {isa = PBXBuildFile; fileRef = 3E94703829C6426A00224EA5 /* Preview Assets.xcassets */; };
		3E94704129C644D600224EA5 /* OpenAISwift in Frameworks */ = {isa = PBXBuildFile; productRef = 3E94704029C644D600224EA5 /* OpenAISwift */; };
		3E94704429C644FD00224EA5 /* OpenAISwift in Frameworks */ = {isa = PBXBuildFile; productRef = 3E94704329C644FD00224EA5 /* OpenAISwift */; };
		3E94704629C64B8A00224EA5 /* MainView.swift in Sources */ = {isa = PBXBuildFile; fileRef = 3E94704529C64B8A00224EA5 /* MainView.swift */; };
		3E94704729C64B8A00224EA5 /* MainView.swift in Sources */ = {isa = PBXBuildFile; fileRef = 3E94704529C64B8A00224EA5 /* MainView.swift */; };
		3E94704A29C64EEB00224EA5 /* String+Extensions.swift in Sources */ = {isa = PBXBuildFile; fileRef = 3E94704929C64EEB00224EA5 /* String+Extensions.swift */; };
		3E94704B29C64EEB00224EA5 /* String+Extensions.swift in Sources */ = {isa = PBXBuildFile; fileRef = 3E94704929C64EEB00224EA5 /* String+Extensions.swift */; };
		3E94704E29C654EE00224EA5 /* CoreDataManager.swift in Sources */ = {isa = PBXBuildFile; fileRef = 3E94704D29C654EE00224EA5 /* CoreDataManager.swift */; };
		3E94704F29C654EE00224EA5 /* CoreDataManager.swift in Sources */ = {isa = PBXBuildFile; fileRef = 3E94704D29C654EE00224EA5 /* CoreDataManager.swift */; };
		3E94705229C656D000224EA5 /* HistoryModel.xcdatamodeld in Sources */ = {isa = PBXBuildFile; fileRef = 3E94705029C656D000224EA5 /* HistoryModel.xcdatamodeld */; };
		3E94705329C656D000224EA5 /* HistoryModel.xcdatamodeld in Sources */ = {isa = PBXBuildFile; fileRef = 3E94705029C656D000224EA5 /* HistoryModel.xcdatamodeld */; };
		3E94705629C658C200224EA5 /* Query.swift in Sources */ = {isa = PBXBuildFile; fileRef = 3E94705529C658C200224EA5 /* Query.swift */; };
		3E94705729C658C200224EA5 /* Query.swift in Sources */ = {isa = PBXBuildFile; fileRef = 3E94705529C658C200224EA5 /* Query.swift */; };
		3E94705929C6594D00224EA5 /* Model.swift in Sources */ = {isa = PBXBuildFile; fileRef = 3E94705829C6594D00224EA5 /* Model.swift */; };
		3E94705A29C6594D00224EA5 /* Model.swift in Sources */ = {isa = PBXBuildFile; fileRef = 3E94705829C6594D00224EA5 /* Model.swift */; };
		3E94705D29C65F6200224EA5 /* HistoryView.swift in Sources */ = {isa = PBXBuildFile; fileRef = 3E94705C29C65F6200224EA5 /* HistoryView.swift */; };
		3E94705E29C65F6200224EA5 /* HistoryView.swift in Sources */ = {isa = PBXBuildFile; fileRef = 3E94705C29C65F6200224EA5 /* HistoryView.swift */; };
/* End PBXBuildFile section */

/* Begin PBXFileReference section */
		3E94701C29C6422A00224EA5 /* iOS-Companion.app */ = {isa = PBXFileReference; explicitFileType = wrapper.application; includeInIndex = 0; path = "iOS-Companion.app"; sourceTree = BUILT_PRODUCTS_DIR; };
		3E94701F29C6422A00224EA5 /* iOS_CompanionApp.swift */ = {isa = PBXFileReference; lastKnownFileType = sourcecode.swift; path = iOS_CompanionApp.swift; sourceTree = "<group>"; };
		3E94702129C6422A00224EA5 /* ContentView.swift */ = {isa = PBXFileReference; lastKnownFileType = sourcecode.swift; path = ContentView.swift; sourceTree = "<group>"; };
		3E94702329C6422C00224EA5 /* Assets.xcassets */ = {isa = PBXFileReference; lastKnownFileType = folder.assetcatalog; path = Assets.xcassets; sourceTree = "<group>"; };
		3E94702629C6422C00224EA5 /* Preview Assets.xcassets */ = {isa = PBXFileReference; lastKnownFileType = folder.assetcatalog; path = "Preview Assets.xcassets"; sourceTree = "<group>"; };
		3E94702F29C6426700224EA5 /* macOS-Companion.app */ = {isa = PBXFileReference; explicitFileType = wrapper.application; includeInIndex = 0; path = "macOS-Companion.app"; sourceTree = BUILT_PRODUCTS_DIR; };
		3E94703129C6426700224EA5 /* macOS_CompanionApp.swift */ = {isa = PBXFileReference; lastKnownFileType = sourcecode.swift; path = macOS_CompanionApp.swift; sourceTree = "<group>"; };
		3E94703329C6426700224EA5 /* ContentView.swift */ = {isa = PBXFileReference; lastKnownFileType = sourcecode.swift; path = ContentView.swift; sourceTree = "<group>"; };
		3E94703529C6426A00224EA5 /* Assets.xcassets */ = {isa = PBXFileReference; lastKnownFileType = folder.assetcatalog; path = Assets.xcassets; sourceTree = "<group>"; };
		3E94703829C6426A00224EA5 /* Preview Assets.xcassets */ = {isa = PBXFileReference; lastKnownFileType = folder.assetcatalog; path = "Preview Assets.xcassets"; sourceTree = "<group>"; };
		3E94703A29C6426A00224EA5 /* macOS_Companion.entitlements */ = {isa = PBXFileReference; lastKnownFileType = text.plist.entitlements; path = macOS_Companion.entitlements; sourceTree = "<group>"; };
		3E94704529C64B8A00224EA5 /* MainView.swift */ = {isa = PBXFileReference; lastKnownFileType = sourcecode.swift; path = MainView.swift; sourceTree = "<group>"; };
		3E94704929C64EEB00224EA5 /* String+Extensions.swift */ = {isa = PBXFileReference; lastKnownFileType = sourcecode.swift; path = "String+Extensions.swift"; sourceTree = "<group>"; };
		3E94704D29C654EE00224EA5 /* CoreDataManager.swift */ = {isa = PBXFileReference; lastKnownFileType = sourcecode.swift; path = CoreDataManager.swift; sourceTree = "<group>"; };
		3E94705129C656D000224EA5 /* HistoryModel.xcdatamodel */ = {isa = PBXFileReference; lastKnownFileType = wrapper.xcdatamodel; path = HistoryModel.xcdatamodel; sourceTree = "<group>"; };
		3E94705529C658C200224EA5 /* Query.swift */ = {isa = PBXFileReference; lastKnownFileType = sourcecode.swift; path = Query.swift; sourceTree = "<group>"; };
		3E94705829C6594D00224EA5 /* Model.swift */ = {isa = PBXFileReference; lastKnownFileType = sourcecode.swift; path = Model.swift; sourceTree = "<group>"; };
		3E94705B29C65E2A00224EA5 /* Info.plist */ = {isa = PBXFileReference; lastKnownFileType = text.plist; path = Info.plist; sourceTree = "<group>"; };
		3E94705C29C65F6200224EA5 /* HistoryView.swift */ = {isa = PBXFileReference; lastKnownFileType = sourcecode.swift; path = HistoryView.swift; sourceTree = "<group>"; };
/* End PBXFileReference section */

/* Begin PBXFrameworksBuildPhase section */
		3E94701929C6422A00224EA5 /* Frameworks */ = {
			isa = PBXFrameworksBuildPhase;
			buildActionMask = 2147483647;
			files = (
				3E94704129C644D600224EA5 /* OpenAISwift in Frameworks */,
			);
			runOnlyForDeploymentPostprocessing = 0;
		};
		3E94702C29C6426700224EA5 /* Frameworks */ = {
			isa = PBXFrameworksBuildPhase;
			buildActionMask = 2147483647;
			files = (
				3E94704429C644FD00224EA5 /* OpenAISwift in Frameworks */,
			);
			runOnlyForDeploymentPostprocessing = 0;
		};
/* End PBXFrameworksBuildPhase section */

/* Begin PBXGroup section */
		3E94701129C641B300224EA5 = {
			isa = PBXGroup;
			children = (
				3E94703E29C6427D00224EA5 /* Shared */,
				3E94701E29C6422A00224EA5 /* iOS-Companion */,
				3E94703029C6426700224EA5 /* macOS-Companion */,
				3E94701D29C6422A00224EA5 /* Products */,
				3E94704229C644FD00224EA5 /* Frameworks */,
			);
			sourceTree = "<group>";
		};
		3E94701D29C6422A00224EA5 /* Products */ = {
			isa = PBXGroup;
			children = (
				3E94701C29C6422A00224EA5 /* iOS-Companion.app */,
				3E94702F29C6426700224EA5 /* macOS-Companion.app */,
			);
			name = Products;
			sourceTree = "<group>";
		};
		3E94701E29C6422A00224EA5 /* iOS-Companion */ = {
			isa = PBXGroup;
			children = (
				3E94705B29C65E2A00224EA5 /* Info.plist */,
				3E94701F29C6422A00224EA5 /* iOS_CompanionApp.swift */,
				3E94702129C6422A00224EA5 /* ContentView.swift */,
				3E94702329C6422C00224EA5 /* Assets.xcassets */,
				3E94702529C6422C00224EA5 /* Preview Content */,
			);
			path = "iOS-Companion";
			sourceTree = "<group>";
		};
		3E94702529C6422C00224EA5 /* Preview Content */ = {
			isa = PBXGroup;
			children = (
				3E94702629C6422C00224EA5 /* Preview Assets.xcassets */,
			);
			path = "Preview Content";
			sourceTree = "<group>";
		};
		3E94703029C6426700224EA5 /* macOS-Companion */ = {
			isa = PBXGroup;
			children = (
				3E94703129C6426700224EA5 /* macOS_CompanionApp.swift */,
				3E94703329C6426700224EA5 /* ContentView.swift */,
				3E94703529C6426A00224EA5 /* Assets.xcassets */,
				3E94703A29C6426A00224EA5 /* macOS_Companion.entitlements */,
				3E94703729C6426A00224EA5 /* Preview Content */,
			);
			path = "macOS-Companion";
			sourceTree = "<group>";
		};
		3E94703729C6426A00224EA5 /* Preview Content */ = {
			isa = PBXGroup;
			children = (
				3E94703829C6426A00224EA5 /* Preview Assets.xcassets */,
			);
			path = "Preview Content";
			sourceTree = "<group>";
		};
		3E94703E29C6427D00224EA5 /* Shared */ = {
			isa = PBXGroup;
			children = (
				3E94705429C6588900224EA5 /* Models */,
				3E94704C29C654B500224EA5 /* Managers */,
				3E94704829C64E7A00224EA5 /* Extensions */,
				3E94704529C64B8A00224EA5 /* MainView.swift */,
				3E94705029C656D000224EA5 /* HistoryModel.xcdatamodeld */,
				3E94705C29C65F6200224EA5 /* HistoryView.swift */,
			);
			path = Shared;
			sourceTree = "<group>";
		};
		3E94704229C644FD00224EA5 /* Frameworks */ = {
			isa = PBXGroup;
			children = (
			);
			name = Frameworks;
			sourceTree = "<group>";
		};
		3E94704829C64E7A00224EA5 /* Extensions */ = {
			isa = PBXGroup;
			children = (
				3E94704929C64EEB00224EA5 /* String+Extensions.swift */,
			);
			path = Extensions;
			sourceTree = "<group>";
		};
		3E94704C29C654B500224EA5 /* Managers */ = {
			isa = PBXGroup;
			children = (
				3E94704D29C654EE00224EA5 /* CoreDataManager.swift */,
			);
			path = Managers;
			sourceTree = "<group>";
		};
		3E94705429C6588900224EA5 /* Models */ = {
			isa = PBXGroup;
			children = (
				3E94705529C658C200224EA5 /* Query.swift */,
				3E94705829C6594D00224EA5 /* Model.swift */,
			);
			path = Models;
			sourceTree = "<group>";
		};
/* End PBXGroup section */

/* Begin PBXNativeTarget section */
		3E94701B29C6422A00224EA5 /* iOS-Companion */ = {
			isa = PBXNativeTarget;
			buildConfigurationList = 3E94702829C6422C00224EA5 /* Build configuration list for PBXNativeTarget "iOS-Companion" */;
			buildPhases = (
				3E94701829C6422A00224EA5 /* Sources */,
				3E94701929C6422A00224EA5 /* Frameworks */,
				3E94701A29C6422A00224EA5 /* Resources */,
			);
			buildRules = (
			);
			dependencies = (
			);
			name = "iOS-Companion";
			packageProductDependencies = (
				3E94704029C644D600224EA5 /* OpenAISwift */,
			);
			productName = "iOS-Companion";
			productReference = 3E94701C29C6422A00224EA5 /* iOS-Companion.app */;
			productType = "com.apple.product-type.application";
		};
		3E94702E29C6426700224EA5 /* macOS-Companion */ = {
			isa = PBXNativeTarget;
			buildConfigurationList = 3E94703B29C6426A00224EA5 /* Build configuration list for PBXNativeTarget "macOS-Companion" */;
			buildPhases = (
				3E94702B29C6426700224EA5 /* Sources */,
				3E94702C29C6426700224EA5 /* Frameworks */,
				3E94702D29C6426700224EA5 /* Resources */,
			);
			buildRules = (
			);
			dependencies = (
			);
			name = "macOS-Companion";
			packageProductDependencies = (
				3E94704329C644FD00224EA5 /* OpenAISwift */,
			);
			productName = "macOS-Companion";
			productReference = 3E94702F29C6426700224EA5 /* macOS-Companion.app */;
			productType = "com.apple.product-type.application";
		};
/* End PBXNativeTarget section */

/* Begin PBXProject section */
		3E94701229C641B300224EA5 /* Project object */ = {
			isa = PBXProject;
			attributes = {
				BuildIndependentTargetsInParallel = 1;
				LastSwiftUpdateCheck = 1420;
				LastUpgradeCheck = 1420;
				TargetAttributes = {
					3E94701B29C6422A00224EA5 = {
						CreatedOnToolsVersion = 14.2;
					};
					3E94702E29C6426700224EA5 = {
						CreatedOnToolsVersion = 14.2;
					};
				};
			};
			buildConfigurationList = 3E94701529C641B300224EA5 /* Build configuration list for PBXProject "companionApp" */;
			compatibilityVersion = "Xcode 14.0";
			developmentRegion = en;
			hasScannedForEncodings = 0;
			knownRegions = (
				en,
				Base,
			);
			mainGroup = 3E94701129C641B300224EA5;
			packageReferences = (
				3E94703F29C644D600224EA5 /* XCRemoteSwiftPackageReference "OpenAISwift" */,
			);
			productRefGroup = 3E94701D29C6422A00224EA5 /* Products */;
			projectDirPath = "";
			projectRoot = "";
			targets = (
				3E94701B29C6422A00224EA5 /* iOS-Companion */,
				3E94702E29C6426700224EA5 /* macOS-Companion */,
			);
		};
/* End PBXProject section */

/* Begin PBXResourcesBuildPhase section */
		3E94701A29C6422A00224EA5 /* Resources */ = {
			isa = PBXResourcesBuildPhase;
			buildActionMask = 2147483647;
			files = (
				3E94702729C6422C00224EA5 /* Preview Assets.xcassets in Resources */,
				3E94702429C6422C00224EA5 /* Assets.xcassets in Resources */,
			);
			runOnlyForDeploymentPostprocessing = 0;
		};
		3E94702D29C6426700224EA5 /* Resources */ = {
			isa = PBXResourcesBuildPhase;
			buildActionMask = 2147483647;
			files = (
				3E94703929C6426A00224EA5 /* Preview Assets.xcassets in Resources */,
				3E94703629C6426A00224EA5 /* Assets.xcassets in Resources */,
			);
			runOnlyForDeploymentPostprocessing = 0;
		};
/* End PBXResourcesBuildPhase section */

/* Begin PBXSourcesBuildPhase section */
		3E94701829C6422A00224EA5 /* Sources */ = {
			isa = PBXSourcesBuildPhase;
			buildActionMask = 2147483647;
			files = (
				3E94704A29C64EEB00224EA5 /* String+Extensions.swift in Sources */,
				3E94705629C658C200224EA5 /* Query.swift in Sources */,
				3E94702229C6422A00224EA5 /* ContentView.swift in Sources */,
				3E94704629C64B8A00224EA5 /* MainView.swift in Sources */,
				3E94704E29C654EE00224EA5 /* CoreDataManager.swift in Sources */,
				3E94705229C656D000224EA5 /* HistoryModel.xcdatamodeld in Sources */,
				3E94702029C6422A00224EA5 /* iOS_CompanionApp.swift in Sources */,
				3E94705D29C65F6200224EA5 /* HistoryView.swift in Sources */,
				3E94705929C6594D00224EA5 /* Model.swift in Sources */,
			);
			runOnlyForDeploymentPostprocessing = 0;
		};
		3E94702B29C6426700224EA5 /* Sources */ = {
			isa = PBXSourcesBuildPhase;
			buildActionMask = 2147483647;
			files = (
				3E94704B29C64EEB00224EA5 /* String+Extensions.swift in Sources */,
				3E94705729C658C200224EA5 /* Query.swift in Sources */,
				3E94703429C6426700224EA5 /* ContentView.swift in Sources */,
				3E94704729C64B8A00224EA5 /* MainView.swift in Sources */,
				3E94704F29C654EE00224EA5 /* CoreDataManager.swift in Sources */,
				3E94705329C656D000224EA5 /* HistoryModel.xcdatamodeld in Sources */,
				3E94703229C6426700224EA5 /* macOS_CompanionApp.swift in Sources */,
				3E94705E29C65F6200224EA5 /* HistoryView.swift in Sources */,
				3E94705A29C6594D00224EA5 /* Model.swift in Sources */,
			);
			runOnlyForDeploymentPostprocessing = 0;
		};
/* End PBXSourcesBuildPhase section */

/* Begin XCBuildConfiguration section */
		3E94701629C641B300224EA5 /* Debug */ = {
			isa = XCBuildConfiguration;
			buildSettings = {
			};
			name = Debug;
		};
		3E94701729C641B300224EA5 /* Release */ = {
			isa = XCBuildConfiguration;
			buildSettings = {
			};
			name = Release;
		};
		3E94702929C6422C00224EA5 /* Debug */ = {
			isa = XCBuildConfiguration;
			buildSettings = {
				ALWAYS_SEARCH_USER_PATHS = NO;
				ASSETCATALOG_COMPILER_APPICON_NAME = AppIcon;
				ASSETCATALOG_COMPILER_GLOBAL_ACCENT_COLOR_NAME = AccentColor;
				CLANG_ANALYZER_NONNULL = YES;
				CLANG_ANALYZER_NUMBER_OBJECT_CONVERSION = YES_AGGRESSIVE;
				CLANG_CXX_LANGUAGE_STANDARD = "gnu++20";
				CLANG_ENABLE_MODULES = YES;
				CLANG_ENABLE_OBJC_ARC = YES;
				CLANG_ENABLE_OBJC_WEAK = YES;
				CLANG_WARN_BLOCK_CAPTURE_AUTORELEASING = YES;
				CLANG_WARN_BOOL_CONVERSION = YES;
				CLANG_WARN_COMMA = YES;
				CLANG_WARN_CONSTANT_CONVERSION = YES;
				CLANG_WARN_DEPRECATED_OBJC_IMPLEMENTATIONS = YES;
				CLANG_WARN_DIRECT_OBJC_ISA_USAGE = YES_ERROR;
				CLANG_WARN_DOCUMENTATION_COMMENTS = YES;
				CLANG_WARN_EMPTY_BODY = YES;
				CLANG_WARN_ENUM_CONVERSION = YES;
				CLANG_WARN_INFINITE_RECURSION = YES;
				CLANG_WARN_INT_CONVERSION = YES;
				CLANG_WARN_NON_LITERAL_NULL_CONVERSION = YES;
				CLANG_WARN_OBJC_IMPLICIT_RETAIN_SELF = YES;
				CLANG_WARN_OBJC_LITERAL_CONVERSION = YES;
				CLANG_WARN_OBJC_ROOT_CLASS = YES_ERROR;
				CLANG_WARN_QUOTED_INCLUDE_IN_FRAMEWORK_HEADER = YES;
				CLANG_WARN_RANGE_LOOP_ANALYSIS = YES;
				CLANG_WARN_STRICT_PROTOTYPES = YES;
				CLANG_WARN_SUSPICIOUS_MOVE = YES;
				CLANG_WARN_UNGUARDED_AVAILABILITY = YES_AGGRESSIVE;
				CLANG_WARN_UNREACHABLE_CODE = YES;
				CLANG_WARN__DUPLICATE_METHOD_MATCH = YES;
				CODE_SIGN_STYLE = Automatic;
				COPY_PHASE_STRIP = NO;
				CURRENT_PROJECT_VERSION = 1;
				DEBUG_INFORMATION_FORMAT = dwarf;
				DEVELOPMENT_ASSET_PATHS = "\"iOS-Companion/Preview Content\"";
				DEVELOPMENT_TEAM = 239F7M5WG6;
				ENABLE_PREVIEWS = YES;
				ENABLE_STRICT_OBJC_MSGSEND = YES;
				ENABLE_TESTABILITY = YES;
				GCC_C_LANGUAGE_STANDARD = gnu11;
				GCC_DYNAMIC_NO_PIC = NO;
				GCC_NO_COMMON_BLOCKS = YES;
				GCC_OPTIMIZATION_LEVEL = 0;
				GCC_PREPROCESSOR_DEFINITIONS = (
					"DEBUG=1",
					"$(inherited)",
				);
				GCC_WARN_64_TO_32_BIT_CONVERSION = YES;
				GCC_WARN_ABOUT_RETURN_TYPE = YES_ERROR;
				GCC_WARN_UNDECLARED_SELECTOR = YES;
				GCC_WARN_UNINITIALIZED_AUTOS = YES_AGGRESSIVE;
				GCC_WARN_UNUSED_FUNCTION = YES;
				GCC_WARN_UNUSED_VARIABLE = YES;
				GENERATE_INFOPLIST_FILE = YES;
				INFOPLIST_FILE = "iOS-Companion/Info.plist";
				INFOPLIST_KEY_UIApplicationSupportsIndirectInputEvents = YES;
				INFOPLIST_KEY_UILaunchScreen_Generation = YES;
				INFOPLIST_KEY_UISupportedInterfaceOrientations_iPad = "UIInterfaceOrientationPortrait UIInterfaceOrientationPortraitUpsideDown UIInterfaceOrientationLandscapeLeft UIInterfaceOrientationLandscapeRight";
				INFOPLIST_KEY_UISupportedInterfaceOrientations_iPhone = "UIInterfaceOrientationPortrait UIInterfaceOrientationLandscapeLeft UIInterfaceOrientationLandscapeRight";
				IPHONEOS_DEPLOYMENT_TARGET = 16.2;
				LD_RUNPATH_SEARCH_PATHS = (
					"$(inherited)",
					"@executable_path/Frameworks",
				);
				MARKETING_VERSION = 1.0;
				MTL_ENABLE_DEBUG_INFO = INCLUDE_SOURCE;
				MTL_FAST_MATH = YES;
				ONLY_ACTIVE_ARCH = YES;
				PRODUCT_BUNDLE_IDENTIFIER = "com.kyleisuncool.iOS-Companion";
				PRODUCT_NAME = "$(TARGET_NAME)";
				SDKROOT = iphoneos;
				SWIFT_ACTIVE_COMPILATION_CONDITIONS = DEBUG;
				SWIFT_EMIT_LOC_STRINGS = YES;
				SWIFT_OPTIMIZATION_LEVEL = "-Onone";
				SWIFT_VERSION = 5.0;
				TARGETED_DEVICE_FAMILY = "1,2";
			};
			name = Debug;
		};
		3E94702A29C6422C00224EA5 /* Release */ = {
			isa = XCBuildConfiguration;
			buildSettings = {
				ALWAYS_SEARCH_USER_PATHS = NO;
				ASSETCATALOG_COMPILER_APPICON_NAME = AppIcon;
				ASSETCATALOG_COMPILER_GLOBAL_ACCENT_COLOR_NAME = AccentColor;
				CLANG_ANALYZER_NONNULL = YES;
				CLANG_ANALYZER_NUMBER_OBJECT_CONVERSION = YES_AGGRESSIVE;
				CLANG_CXX_LANGUAGE_STANDARD = "gnu++20";
				CLANG_ENABLE_MODULES = YES;
				CLANG_ENABLE_OBJC_ARC = YES;
				CLANG_ENABLE_OBJC_WEAK = YES;
				CLANG_WARN_BLOCK_CAPTURE_AUTORELEASING = YES;
				CLANG_WARN_BOOL_CONVERSION = YES;
				CLANG_WARN_COMMA = YES;
				CLANG_WARN_CONSTANT_CONVERSION = YES;
				CLANG_WARN_DEPRECATED_OBJC_IMPLEMENTATIONS = YES;
				CLANG_WARN_DIRECT_OBJC_ISA_USAGE = YES_ERROR;
				CLANG_WARN_DOCUMENTATION_COMMENTS = YES;
				CLANG_WARN_EMPTY_BODY = YES;
				CLANG_WARN_ENUM_CONVERSION = YES;
				CLANG_WARN_INFINITE_RECURSION = YES;
				CLANG_WARN_INT_CONVERSION = YES;
				CLANG_WARN_NON_LITERAL_NULL_CONVERSION = YES;
				CLANG_WARN_OBJC_IMPLICIT_RETAIN_SELF = YES;
				CLANG_WARN_OBJC_LITERAL_CONVERSION = YES;
				CLANG_WARN_OBJC_ROOT_CLASS = YES_ERROR;
				CLANG_WARN_QUOTED_INCLUDE_IN_FRAMEWORK_HEADER = YES;
				CLANG_WARN_RANGE_LOOP_ANALYSIS = YES;
				CLANG_WARN_STRICT_PROTOTYPES = YES;
				CLANG_WARN_SUSPICIOUS_MOVE = YES;
				CLANG_WARN_UNGUARDED_AVAILABILITY = YES_AGGRESSIVE;
				CLANG_WARN_UNREACHABLE_CODE = YES;
				CLANG_WARN__DUPLICATE_METHOD_MATCH = YES;
				CODE_SIGN_STYLE = Automatic;
				COPY_PHASE_STRIP = NO;
				CURRENT_PROJECT_VERSION = 1;
				DEBUG_INFORMATION_FORMAT = "dwarf-with-dsym";
				DEVELOPMENT_ASSET_PATHS = "\"iOS-Companion/Preview Content\"";
				DEVELOPMENT_TEAM = 239F7M5WG6;
				ENABLE_NS_ASSERTIONS = NO;
				ENABLE_PREVIEWS = YES;
				ENABLE_STRICT_OBJC_MSGSEND = YES;
				GCC_C_LANGUAGE_STANDARD = gnu11;
				GCC_NO_COMMON_BLOCKS = YES;
				GCC_WARN_64_TO_32_BIT_CONVERSION = YES;
				GCC_WARN_ABOUT_RETURN_TYPE = YES_ERROR;
				GCC_WARN_UNDECLARED_SELECTOR = YES;
				GCC_WARN_UNINITIALIZED_AUTOS = YES_AGGRESSIVE;
				GCC_WARN_UNUSED_FUNCTION = YES;
				GCC_WARN_UNUSED_VARIABLE = YES;
				GENERATE_INFOPLIST_FILE = YES;
				INFOPLIST_FILE = "iOS-Companion/Info.plist";
				INFOPLIST_KEY_UIApplicationSupportsIndirectInputEvents = YES;
				INFOPLIST_KEY_UILaunchScreen_Generation = YES;
				INFOPLIST_KEY_UISupportedInterfaceOrientations_iPad = "UIInterfaceOrientationPortrait UIInterfaceOrientationPortraitUpsideDown UIInterfaceOrientationLandscapeLeft UIInterfaceOrientationLandscapeRight";
				INFOPLIST_KEY_UISupportedInterfaceOrientations_iPhone = "UIInterfaceOrientationPortrait UIInterfaceOrientationLandscapeLeft UIInterfaceOrientationLandscapeRight";
				IPHONEOS_DEPLOYMENT_TARGET = 16.2;
				LD_RUNPATH_SEARCH_PATHS = (
					"$(inherited)",
					"@executable_path/Frameworks",
				);
				MARKETING_VERSION = 1.0;
				MTL_ENABLE_DEBUG_INFO = NO;
				MTL_FAST_MATH = YES;
				PRODUCT_BUNDLE_IDENTIFIER = "com.kyleisuncool.iOS-Companion";
				PRODUCT_NAME = "$(TARGET_NAME)";
				SDKROOT = iphoneos;
				SWIFT_COMPILATION_MODE = wholemodule;
				SWIFT_EMIT_LOC_STRINGS = YES;
				SWIFT_OPTIMIZATION_LEVEL = "-O";
				SWIFT_VERSION = 5.0;
				TARGETED_DEVICE_FAMILY = "1,2";
				VALIDATE_PRODUCT = YES;
			};
			name = Release;
		};
		3E94703C29C6426A00224EA5 /* Debug */ = {
			isa = XCBuildConfiguration;
			buildSettings = {
				ALWAYS_SEARCH_USER_PATHS = NO;
				ASSETCATALOG_COMPILER_APPICON_NAME = AppIcon;
				ASSETCATALOG_COMPILER_GLOBAL_ACCENT_COLOR_NAME = AccentColor;
				CLANG_ANALYZER_NONNULL = YES;
				CLANG_ANALYZER_NUMBER_OBJECT_CONVERSION = YES_AGGRESSIVE;
				CLANG_CXX_LANGUAGE_STANDARD = "gnu++20";
				CLANG_ENABLE_MODULES = YES;
				CLANG_ENABLE_OBJC_ARC = YES;
				CLANG_ENABLE_OBJC_WEAK = YES;
				CLANG_WARN_BLOCK_CAPTURE_AUTORELEASING = YES;
				CLANG_WARN_BOOL_CONVERSION = YES;
				CLANG_WARN_COMMA = YES;
				CLANG_WARN_CONSTANT_CONVERSION = YES;
				CLANG_WARN_DEPRECATED_OBJC_IMPLEMENTATIONS = YES;
				CLANG_WARN_DIRECT_OBJC_ISA_USAGE = YES_ERROR;
				CLANG_WARN_DOCUMENTATION_COMMENTS = YES;
				CLANG_WARN_EMPTY_BODY = YES;
				CLANG_WARN_ENUM_CONVERSION = YES;
				CLANG_WARN_INFINITE_RECURSION = YES;
				CLANG_WARN_INT_CONVERSION = YES;
				CLANG_WARN_NON_LITERAL_NULL_CONVERSION = YES;
				CLANG_WARN_OBJC_IMPLICIT_RETAIN_SELF = YES;
				CLANG_WARN_OBJC_LITERAL_CONVERSION = YES;
				CLANG_WARN_OBJC_ROOT_CLASS = YES_ERROR;
				CLANG_WARN_QUOTED_INCLUDE_IN_FRAMEWORK_HEADER = YES;
				CLANG_WARN_RANGE_LOOP_ANALYSIS = YES;
				CLANG_WARN_STRICT_PROTOTYPES = YES;
				CLANG_WARN_SUSPICIOUS_MOVE = YES;
				CLANG_WARN_UNGUARDED_AVAILABILITY = YES_AGGRESSIVE;
				CLANG_WARN_UNREACHABLE_CODE = YES;
				CLANG_WARN__DUPLICATE_METHOD_MATCH = YES;
				CODE_SIGN_ENTITLEMENTS = "macOS-Companion/macOS_Companion.entitlements";
				CODE_SIGN_STYLE = Automatic;
				COMBINE_HIDPI_IMAGES = YES;
				COPY_PHASE_STRIP = NO;
				CURRENT_PROJECT_VERSION = 1;
				DEBUG_INFORMATION_FORMAT = dwarf;
				DEVELOPMENT_ASSET_PATHS = "\"macOS-Companion/Preview Content\"";
				ENABLE_PREVIEWS = YES;
				ENABLE_STRICT_OBJC_MSGSEND = YES;
				ENABLE_TESTABILITY = YES;
				GCC_C_LANGUAGE_STANDARD = gnu11;
				GCC_DYNAMIC_NO_PIC = NO;
				GCC_NO_COMMON_BLOCKS = YES;
				GCC_OPTIMIZATION_LEVEL = 0;
				GCC_PREPROCESSOR_DEFINITIONS = (
					"DEBUG=1",
					"$(inherited)",
				);
				GCC_WARN_64_TO_32_BIT_CONVERSION = YES;
				GCC_WARN_ABOUT_RETURN_TYPE = YES_ERROR;
				GCC_WARN_UNDECLARED_SELECTOR = YES;
				GCC_WARN_UNINITIALIZED_AUTOS = YES_AGGRESSIVE;
				GCC_WARN_UNUSED_FUNCTION = YES;
				GCC_WARN_UNUSED_VARIABLE = YES;
				GENERATE_INFOPLIST_FILE = YES;
				INFOPLIST_KEY_LSUIElement = YES;
				INFOPLIST_KEY_NSHumanReadableCopyright = "";
				LD_RUNPATH_SEARCH_PATHS = (
					"$(inherited)",
					"@executable_path/../Frameworks",
				);
				MACOSX_DEPLOYMENT_TARGET = 13.1;
				MARKETING_VERSION = 1.0;
				MTL_ENABLE_DEBUG_INFO = INCLUDE_SOURCE;
				MTL_FAST_MATH = YES;
				ONLY_ACTIVE_ARCH = YES;
				PRODUCT_BUNDLE_IDENTIFIER = "com.kyleisuncool.macOS-Companion";
				PRODUCT_NAME = "$(TARGET_NAME)";
				SDKROOT = macosx;
				SWIFT_ACTIVE_COMPILATION_CONDITIONS = DEBUG;
				SWIFT_EMIT_LOC_STRINGS = YES;
				SWIFT_OPTIMIZATION_LEVEL = "-Onone";
				SWIFT_VERSION = 5.0;
			};
			name = Debug;
		};
		3E94703D29C6426A00224EA5 /* Release */ = {
			isa = XCBuildConfiguration;
			buildSettings = {
				ALWAYS_SEARCH_USER_PATHS = NO;
				ASSETCATALOG_COMPILER_APPICON_NAME = AppIcon;
				ASSETCATALOG_COMPILER_GLOBAL_ACCENT_COLOR_NAME = AccentColor;
				CLANG_ANALYZER_NONNULL = YES;
				CLANG_ANALYZER_NUMBER_OBJECT_CONVERSION = YES_AGGRESSIVE;
				CLANG_CXX_LANGUAGE_STANDARD = "gnu++20";
				CLANG_ENABLE_MODULES = YES;
				CLANG_ENABLE_OBJC_ARC = YES;
				CLANG_ENABLE_OBJC_WEAK = YES;
				CLANG_WARN_BLOCK_CAPTURE_AUTORELEASING = YES;
				CLANG_WARN_BOOL_CONVERSION = YES;
				CLANG_WARN_COMMA = YES;
				CLANG_WARN_CONSTANT_CONVERSION = YES;
				CLANG_WARN_DEPRECATED_OBJC_IMPLEMENTATIONS = YES;
				CLANG_WARN_DIRECT_OBJC_ISA_USAGE = YES_ERROR;
				CLANG_WARN_DOCUMENTATION_COMMENTS = YES;
				CLANG_WARN_EMPTY_BODY = YES;
				CLANG_WARN_ENUM_CONVERSION = YES;
				CLANG_WARN_INFINITE_RECURSION = YES;
				CLANG_WARN_INT_CONVERSION = YES;
				CLANG_WARN_NON_LITERAL_NULL_CONVERSION = YES;
				CLANG_WARN_OBJC_IMPLICIT_RETAIN_SELF = YES;
				CLANG_WARN_OBJC_LITERAL_CONVERSION = YES;
				CLANG_WARN_OBJC_ROOT_CLASS = YES_ERROR;
				CLANG_WARN_QUOTED_INCLUDE_IN_FRAMEWORK_HEADER = YES;
				CLANG_WARN_RANGE_LOOP_ANALYSIS = YES;
				CLANG_WARN_STRICT_PROTOTYPES = YES;
				CLANG_WARN_SUSPICIOUS_MOVE = YES;
				CLANG_WARN_UNGUARDED_AVAILABILITY = YES_AGGRESSIVE;
				CLANG_WARN_UNREACHABLE_CODE = YES;
				CLANG_WARN__DUPLICATE_METHOD_MATCH = YES;
				CODE_SIGN_ENTITLEMENTS = "macOS-Companion/macOS_Companion.entitlements";
				CODE_SIGN_STYLE = Automatic;
				COMBINE_HIDPI_IMAGES = YES;
				COPY_PHASE_STRIP = NO;
				CURRENT_PROJECT_VERSION = 1;
				DEBUG_INFORMATION_FORMAT = "dwarf-with-dsym";
				DEVELOPMENT_ASSET_PATHS = "\"macOS-Companion/Preview Content\"";
				ENABLE_NS_ASSERTIONS = NO;
				ENABLE_PREVIEWS = YES;
				ENABLE_STRICT_OBJC_MSGSEND = YES;
				GCC_C_LANGUAGE_STANDARD = gnu11;
				GCC_NO_COMMON_BLOCKS = YES;
				GCC_WARN_64_TO_32_BIT_CONVERSION = YES;
				GCC_WARN_ABOUT_RETURN_TYPE = YES_ERROR;
				GCC_WARN_UNDECLARED_SELECTOR = YES;
				GCC_WARN_UNINITIALIZED_AUTOS = YES_AGGRESSIVE;
				GCC_WARN_UNUSED_FUNCTION = YES;
				GCC_WARN_UNUSED_VARIABLE = YES;
				GENERATE_INFOPLIST_FILE = YES;
				INFOPLIST_KEY_LSUIElement = YES;
				INFOPLIST_KEY_NSHumanReadableCopyright = "";
				LD_RUNPATH_SEARCH_PATHS = (
					"$(inherited)",
					"@executable_path/../Frameworks",
				);
				MACOSX_DEPLOYMENT_TARGET = 13.1;
				MARKETING_VERSION = 1.0;
				MTL_ENABLE_DEBUG_INFO = NO;
				MTL_FAST_MATH = YES;
				PRODUCT_BUNDLE_IDENTIFIER = "com.kyleisuncool.macOS-Companion";
				PRODUCT_NAME = "$(TARGET_NAME)";
				SDKROOT = macosx;
				SWIFT_COMPILATION_MODE = wholemodule;
				SWIFT_EMIT_LOC_STRINGS = YES;
				SWIFT_OPTIMIZATION_LEVEL = "-O";
				SWIFT_VERSION = 5.0;
			};
			name = Release;
		};
/* End XCBuildConfiguration section */

/* Begin XCConfigurationList section */
		3E94701529C641B300224EA5 /* Build configuration list for PBXProject "companionApp" */ = {
			isa = XCConfigurationList;
			buildConfigurations = (
				3E94701629C641B300224EA5 /* Debug */,
				3E94701729C641B300224EA5 /* Release */,
			);
			defaultConfigurationIsVisible = 0;
			defaultConfigurationName = Release;
		};
		3E94702829C6422C00224EA5 /* Build configuration list for PBXNativeTarget "iOS-Companion" */ = {
			isa = XCConfigurationList;
			buildConfigurations = (
				3E94702929C6422C00224EA5 /* Debug */,
				3E94702A29C6422C00224EA5 /* Release */,
			);
			defaultConfigurationIsVisible = 0;
			defaultConfigurationName = Release;
		};
		3E94703B29C6426A00224EA5 /* Build configuration list for PBXNativeTarget "macOS-Companion" */ = {
			isa = XCConfigurationList;
			buildConfigurations = (
				3E94703C29C6426A00224EA5 /* Debug */,
				3E94703D29C6426A00224EA5 /* Release */,
			);
			defaultConfigurationIsVisible = 0;
			defaultConfigurationName = Release;
		};
/* End XCConfigurationList section */

/* Begin XCRemoteSwiftPackageReference section */
		3E94703F29C644D600224EA5 /* XCRemoteSwiftPackageReference "OpenAISwift" */ = {
			isa = XCRemoteSwiftPackageReference;
			repositoryURL = "https://github.com/adamrushy/OpenAISwift";
			requirement = {
				kind = upToNextMajorVersion;
				minimumVersion = 1.0.0;
			};
		};
/* End XCRemoteSwiftPackageReference section */

/* Begin XCSwiftPackageProductDependency section */
		3E94704029C644D600224EA5 /* OpenAISwift */ = {
			isa = XCSwiftPackageProductDependency;
			package = 3E94703F29C644D600224EA5 /* XCRemoteSwiftPackageReference "OpenAISwift" */;
			productName = OpenAISwift;
		};
		3E94704329C644FD00224EA5 /* OpenAISwift */ = {
			isa = XCSwiftPackageProductDependency;
			package = 3E94703F29C644D600224EA5 /* XCRemoteSwiftPackageReference "OpenAISwift" */;
			productName = OpenAISwift;
		};
/* End XCSwiftPackageProductDependency section */

/* Begin XCVersionGroup section */
		3E94705029C656D000224EA5 /* HistoryModel.xcdatamodeld */ = {
			isa = XCVersionGroup;
			children = (
				3E94705129C656D000224EA5 /* HistoryModel.xcdatamodel */,
			);
			currentVersion = 3E94705129C656D000224EA5 /* HistoryModel.xcdatamodel */;
			path = HistoryModel.xcdatamodeld;
			sourceTree = "<group>";
			versionGroupType = wrapper.xcdatamodel;
		};
/* End XCVersionGroup section */
	};
	rootObject = 3E94701229C641B300224EA5 /* Project object */;
}
